
Microsoft Visual Studio Solution File, Format Version 12.00
# Visual Studio Version 17
VisualStudioVersion = 17.10.35027.167
MinimumVisualStudioVersion = 10.0.40219.1
Project("{8BC9CEB8-8B4A-11D0-8D11-00A0C91BC942}") = "ffplay", "ffplay.vcxproj", "{9273CAD0-56F6-4642-8638-0CD2A0D864B5}"
EndProject
Global
	GlobalSection(SolutionConfigurationPlatforms) = preSolution
		Debug|x64 = Debug|x64
		Debug|x86 = Debug|x86
		Release|x64 = Release|x64
		Release|x86 = Release|x86
	EndGlobalSection
	GlobalSection(ProjectConfigurationPlatforms) = postSolution
		{9273CAD0-56F6-4642-8638-0CD2A0D864B5}.Debug|x64.ActiveCfg = Debug|x64
		{9273CAD0-56F6-4642-8638-0CD2A0D864B5}.Debug|x64.Build.0 = Debug|x64
		{9273CAD0-56F6-4642-8638-0CD2A0D864B5}.Debug|x86.ActiveCfg = Debug|Win32
		{9273CAD0-56F6-4642-8638-0CD2A0D864B5}.Debug|x86.Build.0 = Debug|Win32
		{9273CAD0-56F6-4642-8638-0CD2A0D864B5}.Release|x64.ActiveCfg = Release|x64
		{9273CAD0-56F6-4642-8638-0CD2A0D864B5}.Release|x64.Build.0 = Release|x64
		{9273CAD0-56F6-4642-8638-0CD2A0D864B5}.Release|x86.ActiveCfg = Release|Win32
		{9273CAD0-56F6-4642-8638-0CD2A0D864B5}.Release|x86.Build.0 = Release|Win32
	EndGlobalSection
	GlobalSection(SolutionProperties) = preSolution
		HideSolutionNode = FALSE
	EndGlobalSection
	GlobalSection(ExtensibilityGlobals) = postSolution
		SolutionGuid = {142E3598-6B16-43E2-81CF-56F83576A023}
	EndGlobalSection
EndGlobal
